
Microsoft Visual Studio Solution File, Format Version 12.00
# Visual Studio Version 17
VisualStudioVersion = 17.6.33829.357
MinimumVisualStudioVersion = 10.0.40219.1
Project("{9A19103F-16F7-4668-BE54-9A1E7A4F7556}") = "metafar-challenge", "metafar-challenge.csproj", "{0DA96A21-D46D-4EBC-9236-54FE49A72F80}"
EndProject
Global
	GlobalSection(SolutionConfigurationPlatforms) = preSolution
		Debug|Any CPU = Debug|Any CPU
		Release|Any CPU = Release|Any CPU
	EndGlobalSection
	GlobalSection(ProjectConfigurationPlatforms) = postSolution
		{0DA96A21-D46D-4EBC-9236-54FE49A72F80}.Debug|Any CPU.ActiveCfg = Debug|Any CPU
		{0DA96A21-D46D-4EBC-9236-54FE49A72F80}.Debug|Any CPU.Build.0 = Debug|Any CPU
		{0DA96A21-D46D-4EBC-9236-54FE49A72F80}.Release|Any CPU.ActiveCfg = Release|Any CPU
		{0DA96A21-D46D-4EBC-9236-54FE49A72F80}.Release|Any CPU.Build.0 = Release|Any CPU
	EndGlobalSection
	GlobalSection(SolutionProperties) = preSolution
		HideSolutionNode = FALSE
	EndGlobalSection
	GlobalSection(ExtensibilityGlobals) = postSolution
		SolutionGuid = {3BC1FF9B-171C-4A9F-AAA7-75EFA278C3F2}
	EndGlobalSection
EndGlobal
